// !$*UTF8*$!
{
	archiveVersion = 1;
	classes = {
	};
	objectVersion = 50;
	objects = {

/* Begin PBXBuildFile section */
		2DF991FE1DCC938D27D08D01 /* Pods_iOSAppIcon.framework in Frameworks */ = {isa = PBXBuildFile; fileRef = B36F550ADA13F0D2945EEBAC /* Pods_iOSAppIcon.framework */; };
		FCBF92AA21006F630040DA12 /* main.m in Sources */ = {isa = PBXBuildFile; fileRef = FCBF92A921006F630040DA12 /* main.m */; };
/* End PBXBuildFile section */

/* Begin PBXCopyFilesBuildPhase section */
		FCBF92A421006F630040DA12 /* CopyFiles */ = {
			isa = PBXCopyFilesBuildPhase;
			buildActionMask = 2147483647;
			dstPath = /usr/share/man/man1/;
			dstSubfolderSpec = 0;
			files = (
			);
			runOnlyForDeploymentPostprocessing = 1;
		};
/* End PBXCopyFilesBuildPhase section */

/* Begin PBXFileReference section */
		358ABCD666316462A271D4C9 /* Pods-iOSAppIcon.debug.xcconfig */ = {isa = PBXFileReference; includeInIndex = 1; lastKnownFileType = text.xcconfig; name = "Pods-iOSAppIcon.debug.xcconfig"; path = "Pods/Target Support Files/Pods-iOSAppIcon/Pods-iOSAppIcon.debug.xcconfig"; sourceTree = "<group>"; };
		6799E0B3451E7A7289164881 /* Pods-iOSAppIcon.release.xcconfig */ = {isa = PBXFileReference; includeInIndex = 1; lastKnownFileType = text.xcconfig; name = "Pods-iOSAppIcon.release.xcconfig"; path = "Pods/Target Support Files/Pods-iOSAppIcon/Pods-iOSAppIcon.release.xcconfig"; sourceTree = "<group>"; };
		B36F550ADA13F0D2945EEBAC /* Pods_iOSAppIcon.framework */ = {isa = PBXFileReference; explicitFileType = wrapper.framework; includeInIndex = 0; path = Pods_iOSAppIcon.framework; sourceTree = BUILT_PRODUCTS_DIR; };
		FCBF92A621006F630040DA12 /* iOSAppIcon */ = {isa = PBXFileReference; explicitFileType = "compiled.mach-o.executable"; includeInIndex = 0; path = iOSAppIcon; sourceTree = BUILT_PRODUCTS_DIR; };
		FCBF92A921006F630040DA12 /* main.m */ = {isa = PBXFileReference; lastKnownFileType = sourcecode.c.objc; path = main.m; sourceTree = "<group>"; };
/* End PBXFileReference section */

/* Begin PBXFrameworksBuildPhase section */
		FCBF92A321006F630040DA12 /* Frameworks */ = {
			isa = PBXFrameworksBuildPhase;
			buildActionMask = 2147483647;
			files = (
				2DF991FE1DCC938D27D08D01 /* Pods_iOSAppIcon.framework in Frameworks */,
			);
			runOnlyForDeploymentPostprocessing = 0;
		};
/* End PBXFrameworksBuildPhase section */

/* Begin PBXGroup section */
		25E3218003E46FA2EEB85E31 /* Frameworks */ = {
			isa = PBXGroup;
			children = (
				B36F550ADA13F0D2945EEBAC /* Pods_iOSAppIcon.framework */,
			);
			name = Frameworks;
			sourceTree = "<group>";
		};
		DEB31EF11ECCB709FA9AD449 /* Pods */ = {
			isa = PBXGroup;
			children = (
				358ABCD666316462A271D4C9 /* Pods-iOSAppIcon.debug.xcconfig */,
				6799E0B3451E7A7289164881 /* Pods-iOSAppIcon.release.xcconfig */,
			);
			name = Pods;
			sourceTree = "<group>";
		};
		FCBF929D21006F630040DA12 = {
			isa = PBXGroup;
			children = (
				FCBF92A821006F630040DA12 /* iOSAppIcon */,
				FCBF92A721006F630040DA12 /* Products */,
				DEB31EF11ECCB709FA9AD449 /* Pods */,
				25E3218003E46FA2EEB85E31 /* Frameworks */,
			);
			sourceTree = "<group>";
		};
		FCBF92A721006F630040DA12 /* Products */ = {
			isa = PBXGroup;
			children = (
				FCBF92A621006F630040DA12 /* iOSAppIcon */,
			);
			name = Products;
			sourceTree = "<group>";
		};
		FCBF92A821006F630040DA12 /* iOSAppIcon */ = {
			isa = PBXGroup;
			children = (
				FCBF92A921006F630040DA12 /* main.m */,
			);
			path = iOSAppIcon;
			sourceTree = "<group>";
		};
/* End PBXGroup section */

/* Begin PBXNativeTarget section */
		FCBF92A521006F630040DA12 /* iOSAppIcon */ = {
			isa = PBXNativeTarget;
			buildConfigurationList = FCBF92AD21006F630040DA12 /* Build configuration list for PBXNativeTarget "iOSAppIcon" */;
			buildPhases = (
				3582DD868C2DD747A4FE395C /* [CP] Check Pods Manifest.lock */,
				FCBF92A221006F630040DA12 /* Sources */,
				FCBF92A321006F630040DA12 /* Frameworks */,
				FCBF92A421006F630040DA12 /* CopyFiles */,
			);
			buildRules = (
			);
			dependencies = (
			);
			name = iOSAppIcon;
			productName = iOSAppIcon;
			productReference = FCBF92A621006F630040DA12 /* iOSAppIcon */;
			productType = "com.apple.product-type.tool";
		};
/* End PBXNativeTarget section */

/* Begin PBXProject section */
		FCBF929E21006F630040DA12 /* Project object */ = {
			isa = PBXProject;
			attributes = {
				LastUpgradeCheck = 0940;
				ORGANIZATIONNAME = "Luo Yu";
				TargetAttributes = {
					FCBF92A521006F630040DA12 = {
						CreatedOnToolsVersion = 9.4;
					};
				};
			};
			buildConfigurationList = FCBF92A121006F630040DA12 /* Build configuration list for PBXProject "iOSAppIcon" */;
			compatibilityVersion = "Xcode 9.3";
			developmentRegion = en;
			hasScannedForEncodings = 0;
			knownRegions = (
				en,
			);
			mainGroup = FCBF929D21006F630040DA12;
			productRefGroup = FCBF92A721006F630040DA12 /* Products */;
			projectDirPath = "";
			projectRoot = "";
			targets = (
				FCBF92A521006F630040DA12 /* iOSAppIcon */,
			);
		};
/* End PBXProject section */

/* Begin PBXShellScriptBuildPhase section */
		3582DD868C2DD747A4FE395C /* [CP] Check Pods Manifest.lock */ = {
			isa = PBXShellScriptBuildPhase;
			buildActionMask = 2147483647;
			files = (
			);
			inputPaths = (
				"${PODS_PODFILE_DIR_PATH}/Podfile.lock",
				"${PODS_ROOT}/Manifest.lock",
			);
			name = "[CP] Check Pods Manifest.lock";
			outputPaths = (
				"$(DERIVED_FILE_DIR)/Pods-iOSAppIcon-checkManifestLockResult.txt",
			);
			runOnlyForDeploymentPostprocessing = 0;
			shellPath = /bin/sh;
			shellScript = "diff \"${PODS_PODFILE_DIR_PATH}/Podfile.lock\" \"${PODS_ROOT}/Manifest.lock\" > /dev/null\nif [ $? != 0 ] ; then\n    # print error to STDERR\n    echo \"error: The sandbox is not in sync with the Podfile.lock. Run 'pod install' or update your CocoaPods installation.\" >&2\n    exit 1\nfi\n# This output is used by Xcode 'outputs' to avoid re-running this script phase.\necho \"SUCCESS\" > \"${SCRIPT_OUTPUT_FILE_0}\"\n";
			showEnvVarsInLog = 0;
		};
/* End PBXShellScriptBuildPhase section */

/* Begin PBXSourcesBuildPhase section */
		FCBF92A221006F630040DA12 /* Sources */ = {
			isa = PBXSourcesBuildPhase;
			buildActionMask = 2147483647;
			files = (
				FCBF92AA21006F630040DA12 /* main.m in Sources */,
			);
			runOnlyForDeploymentPostprocessing = 0;
		};
/* End PBXSourcesBuildPhase section */

/* Begin XCBuildConfiguration section */
		FCBF92AB21006F630040DA12 /* Debug */ = {
			isa = XCBuildConfiguration;
			buildSettings = {
				ALWAYS_SEARCH_USER_PATHS = NO;
				CLANG_ANALYZER_NONNULL = YES;
				CLANG_ANALYZER_NUMBER_OBJECT_CONVERSION = YES_AGGRESSIVE;
				CLANG_CXX_LANGUAGE_STANDARD = "gnu++14";
				CLANG_CXX_LIBRARY = "libc++";
				CLANG_ENABLE_MODULES = YES;
				CLANG_ENABLE_OBJC_ARC = YES;
				CLANG_ENABLE_OBJC_WEAK = YES;
				CLANG_WARN_BLOCK_CAPTURE_AUTORELEASING = YES;
				CLANG_WARN_BOOL_CONVERSION = YES;
				CLANG_WARN_COMMA = YES;
				CLANG_WARN_CONSTANT_CONVERSION = YES;
				CLANG_WARN_DEPRECATED_OBJC_IMPLEMENTATIONS = YES;
				CLANG_WARN_DIRECT_OBJC_ISA_USAGE = YES_ERROR;
				CLANG_WARN_DOCUMENTATION_COMMENTS = YES;
				CLANG_WARN_EMPTY_BODY = YES;
				CLANG_WARN_ENUM_CONVERSION = YES;
				CLANG_WARN_INFINITE_RECURSION = YES;
				CLANG_WARN_INT_CONVERSION = YES;
				CLANG_WARN_NON_LITERAL_NULL_CONVERSION = YES;
				CLANG_WARN_OBJC_IMPLICIT_RETAIN_SELF = YES;
				CLANG_WARN_OBJC_LITERAL_CONVERSION = YES;
				CLANG_WARN_OBJC_ROOT_CLASS = YES_ERROR;
				CLANG_WARN_RANGE_LOOP_ANALYSIS = YES;
				CLANG_WARN_STRICT_PROTOTYPES = YES;
				CLANG_WARN_SUSPICIOUS_MOVE = YES;
				CLANG_WARN_UNGUARDED_AVAILABILITY = YES_AGGRESSIVE;
				CLANG_WARN_UNREACHABLE_CODE = YES;
				CLANG_WARN__DUPLICATE_METHOD_MATCH = YES;
				CODE_SIGN_IDENTITY = "-";
				COPY_PHASE_STRIP = NO;
				DEBUG_INFORMATION_FORMAT = dwarf;
				ENABLE_STRICT_OBJC_MSGSEND = YES;
				ENABLE_TESTABILITY = YES;
				GCC_C_LANGUAGE_STANDARD = gnu11;
				GCC_DYNAMIC_NO_PIC = NO;
				GCC_NO_COMMON_BLOCKS = YES;
				GCC_OPTIMIZATION_LEVEL = 0;
				GCC_PREPROCESSOR_DEFINITIONS = (
					"DEBUG=1",
					"$(inherited)",
				);
				GCC_WARN_64_TO_32_BIT_CONVERSION = YES;
				GCC_WARN_ABOUT_RETURN_TYPE = YES_ERROR;
				GCC_WARN_UNDECLARED_SELECTOR = YES;
				GCC_WARN_UNINITIALIZED_AUTOS = YES_AGGRESSIVE;
				GCC_WARN_UNUSED_FUNCTION = YES;
				GCC_WARN_UNUSED_VARIABLE = YES;
				MACOSX_DEPLOYMENT_TARGET = 10.13;
				MTL_ENABLE_DEBUG_INFO = YES;
				ONLY_ACTIVE_ARCH = YES;
				SDKROOT = macosx;
			};
			name = Debug;
		};
		FCBF92AC21006F630040DA12 /* Release */ = {
			isa = XCBuildConfiguration;
			buildSettings = {
				ALWAYS_SEARCH_USER_PATHS = NO;
				CLANG_ANALYZER_NONNULL = YES;
				CLANG_ANALYZER_NUMBER_OBJECT_CONVERSION = YES_AGGRESSIVE;
				CLANG_CXX_LANGUAGE_STANDARD = "gnu++14";
				CLANG_CXX_LIBRARY = "libc++";
				CLANG_ENABLE_MODULES = YES;
				CLANG_ENABLE_OBJC_ARC = YES;
				CLANG_ENABLE_OBJC_WEAK = YES;
				CLANG_WARN_BLOCK_CAPTURE_AUTORELEASING = YES;
				CLANG_WARN_BOOL_CONVERSION = YES;
				CLANG_WARN_COMMA = YES;
				CLANG_WARN_CONSTANT_CONVERSION = YES;
				CLANG_WARN_DEPRECATED_OBJC_IMPLEMENTATIONS = YES;
				CLANG_WARN_DIRECT_OBJC_ISA_USAGE = YES_ERROR;
				CLANG_WARN_DOCUMENTATION_COMMENTS = YES;
				CLANG_WARN_EMPTY_BODY = YES;
				CLANG_WARN_ENUM_CONVERSION = YES;
				CLANG_WARN_INFINITE_RECURSION = YES;
				CLANG_WARN_INT_CONVERSION = YES;
				CLANG_WARN_NON_LITERAL_NULL_CONVERSION = YES;
				CLANG_WARN_OBJC_IMPLICIT_RETAIN_SELF = YES;
				CLANG_WARN_OBJC_LITERAL_CONVERSION = YES;
				CLANG_WARN_OBJC_ROOT_CLASS = YES_ERROR;
				CLANG_WARN_RANGE_LOOP_ANALYSIS = YES;
				CLANG_WARN_STRICT_PROTOTYPES = YES;
				CLANG_WARN_SUSPICIOUS_MOVE = YES;
				CLANG_WARN_UNGUARDED_AVAILABILITY = YES_AGGRESSIVE;
				CLANG_WARN_UNREACHABLE_CODE = YES;
				CLANG_WARN__DUPLICATE_METHOD_MATCH = YES;
				CODE_SIGN_IDENTITY = "-";
				COPY_PHASE_STRIP = NO;
				DEBUG_INFORMATION_FORMAT = "dwarf-with-dsym";
				ENABLE_NS_ASSERTIONS = NO;
				ENABLE_STRICT_OBJC_MSGSEND = YES;
				GCC_C_LANGUAGE_STANDARD = gnu11;
				GCC_NO_COMMON_BLOCKS = YES;
				GCC_WARN_64_TO_32_BIT_CONVERSION = YES;
				GCC_WARN_ABOUT_RETURN_TYPE = YES_ERROR;
				GCC_WARN_UNDECLARED_SELECTOR = YES;
				GCC_WARN_UNINITIALIZED_AUTOS = YES_AGGRESSIVE;
				GCC_WARN_UNUSED_FUNCTION = YES;
				GCC_WARN_UNUSED_VARIABLE = YES;
				MACOSX_DEPLOYMENT_TARGET = 10.13;
				MTL_ENABLE_DEBUG_INFO = NO;
				SDKROOT = macosx;
			};
			name = Release;
		};
		FCBF92AE21006F630040DA12 /* Debug */ = {
			isa = XCBuildConfiguration;
			baseConfigurationReference = 358ABCD666316462A271D4C9 /* Pods-iOSAppIcon.debug.xcconfig */;
			buildSettings = {
				CODE_SIGN_STYLE = Automatic;
				PRODUCT_NAME = "$(TARGET_NAME)";
			};
			name = Debug;
		};
		FCBF92AF21006F630040DA12 /* Release */ = {
			isa = XCBuildConfiguration;
			baseConfigurationReference = 6799E0B3451E7A7289164881 /* Pods-iOSAppIcon.release.xcconfig */;
			buildSettings = {
				CODE_SIGN_STYLE = Automatic;
				PRODUCT_NAME = "$(TARGET_NAME)";
			};
			name = Release;
		};
/* End XCBuildConfiguration section */

/* Begin XCConfigurationList section */
		FCBF92A121006F630040DA12 /* Build configuration list for PBXProject "iOSAppIcon" */ = {
			isa = XCConfigurationList;
			buildConfigurations = (
				FCBF92AB21006F630040DA12 /* Debug */,
				FCBF92AC21006F630040DA12 /* Release */,
			);
			defaultConfigurationIsVisible = 0;
			defaultConfigurationName = Release;
		};
		FCBF92AD21006F630040DA12 /* Build configuration list for PBXNativeTarget "iOSAppIcon" */ = {
			isa = XCConfigurationList;
			buildConfigurations = (
				FCBF92AE21006F630040DA12 /* Debug */,
				FCBF92AF21006F630040DA12 /* Release */,
			);
			defaultConfigurationIsVisible = 0;
			defaultConfigurationName = Release;
		};
/* End XCConfigurationList section */
	};
	rootObject = FCBF929E21006F630040DA12 /* Project object */;
}
